// !$*UTF8*$!
{
	archiveVersion = 1;
	classes = {
	};
	objectVersion = 50;
	objects = {

/* Begin PBXBuildFile section */
		BABC2F0224A7B6B200D167B2 /* AppDelegate.swift in Sources */ = {isa = PBXBuildFile; fileRef = BABC2F0124A7B6B200D167B2 /* AppDelegate.swift */; };
		BABC2F0424A7B6B200D167B2 /* SceneDelegate.swift in Sources */ = {isa = PBXBuildFile; fileRef = BABC2F0324A7B6B200D167B2 /* SceneDelegate.swift */; };
		BABC2F0624A7B6B200D167B2 /* AppsViewController.swift in Sources */ = {isa = PBXBuildFile; fileRef = BABC2F0524A7B6B200D167B2 /* AppsViewController.swift */; };
		BABC2F0824A7B6B200D167B2 /* GamesViewController.swift in Sources */ = {isa = PBXBuildFile; fileRef = BABC2F0724A7B6B200D167B2 /* GamesViewController.swift */; };
		BABC2F0B24A7B6B200D167B2 /* Main.storyboard in Resources */ = {isa = PBXBuildFile; fileRef = BABC2F0924A7B6B200D167B2 /* Main.storyboard */; };
		BABC2F0D24A7B6B400D167B2 /* Assets.xcassets in Resources */ = {isa = PBXBuildFile; fileRef = BABC2F0C24A7B6B400D167B2 /* Assets.xcassets */; };
		BABC2F1024A7B6B400D167B2 /* LaunchScreen.storyboard in Resources */ = {isa = PBXBuildFile; fileRef = BABC2F0E24A7B6B400D167B2 /* LaunchScreen.storyboard */; };
		BABC2F1824A7B79F00D167B2 /* ArcadeViewController.swift in Sources */ = {isa = PBXBuildFile; fileRef = BABC2F1724A7B79F00D167B2 /* ArcadeViewController.swift */; };
		BABC2F1A24A7B7AA00D167B2 /* SearchViewController.swift in Sources */ = {isa = PBXBuildFile; fileRef = BABC2F1924A7B7AA00D167B2 /* SearchViewController.swift */; };
		BABC2F1C24A7BBB700D167B2 /* Bundle-Decodable.swift in Sources */ = {isa = PBXBuildFile; fileRef = BABC2F1B24A7BBB700D167B2 /* Bundle-Decodable.swift */; };
		BABC2F1E24A7BC1100D167B2 /* appstore.json in Resources */ = {isa = PBXBuildFile; fileRef = BABC2F1D24A7BC1100D167B2 /* appstore.json */; };
		BABC2F2024A7BCEF00D167B2 /* Section.swift in Sources */ = {isa = PBXBuildFile; fileRef = BABC2F1F24A7BCEF00D167B2 /* Section.swift */; };
		BABC2F2224A7BCFA00D167B2 /* App.swift in Sources */ = {isa = PBXBuildFile; fileRef = BABC2F2124A7BCFA00D167B2 /* App.swift */; };
		BABC2F2424A7BE9800D167B2 /* SelfConfiguringCell.swift in Sources */ = {isa = PBXBuildFile; fileRef = BABC2F2324A7BE9800D167B2 /* SelfConfiguringCell.swift */; };
		BABC2F2624A7BF8A00D167B2 /* FeaturedCollectionViewCell.swift in Sources */ = {isa = PBXBuildFile; fileRef = BABC2F2524A7BF8A00D167B2 /* FeaturedCollectionViewCell.swift */; };
		BABC2F2824A7C5BA00D167B2 /* Util.swift in Sources */ = {isa = PBXBuildFile; fileRef = BABC2F2724A7C5BA00D167B2 /* Util.swift */; };
/* End PBXBuildFile section */

/* Begin PBXFileReference section */
		BABC2EFE24A7B6B200D167B2 /* TapStore.app */ = {isa = PBXFileReference; explicitFileType = wrapper.application; includeInIndex = 0; path = TapStore.app; sourceTree = BUILT_PRODUCTS_DIR; };
		BABC2F0124A7B6B200D167B2 /* AppDelegate.swift */ = {isa = PBXFileReference; lastKnownFileType = sourcecode.swift; path = AppDelegate.swift; sourceTree = "<group>"; };
		BABC2F0324A7B6B200D167B2 /* SceneDelegate.swift */ = {isa = PBXFileReference; lastKnownFileType = sourcecode.swift; path = SceneDelegate.swift; sourceTree = "<group>"; };
		BABC2F0524A7B6B200D167B2 /* AppsViewController.swift */ = {isa = PBXFileReference; lastKnownFileType = sourcecode.swift; path = AppsViewController.swift; sourceTree = "<group>"; };
		BABC2F0724A7B6B200D167B2 /* GamesViewController.swift */ = {isa = PBXFileReference; lastKnownFileType = sourcecode.swift; path = GamesViewController.swift; sourceTree = "<group>"; };
		BABC2F0A24A7B6B200D167B2 /* Base */ = {isa = PBXFileReference; lastKnownFileType = file.storyboard; name = Base; path = Base.lproj/Main.storyboard; sourceTree = "<group>"; };
		BABC2F0C24A7B6B400D167B2 /* Assets.xcassets */ = {isa = PBXFileReference; lastKnownFileType = folder.assetcatalog; path = Assets.xcassets; sourceTree = "<group>"; };
		BABC2F0F24A7B6B400D167B2 /* Base */ = {isa = PBXFileReference; lastKnownFileType = file.storyboard; name = Base; path = Base.lproj/LaunchScreen.storyboard; sourceTree = "<group>"; };
		BABC2F1124A7B6B400D167B2 /* Info.plist */ = {isa = PBXFileReference; lastKnownFileType = text.plist.xml; path = Info.plist; sourceTree = "<group>"; };
		BABC2F1724A7B79F00D167B2 /* ArcadeViewController.swift */ = {isa = PBXFileReference; lastKnownFileType = sourcecode.swift; path = ArcadeViewController.swift; sourceTree = "<group>"; };
		BABC2F1924A7B7AA00D167B2 /* SearchViewController.swift */ = {isa = PBXFileReference; lastKnownFileType = sourcecode.swift; path = SearchViewController.swift; sourceTree = "<group>"; };
		BABC2F1B24A7BBB700D167B2 /* Bundle-Decodable.swift */ = {isa = PBXFileReference; lastKnownFileType = sourcecode.swift; path = "Bundle-Decodable.swift"; sourceTree = "<group>"; };
		BABC2F1D24A7BC1100D167B2 /* appstore.json */ = {isa = PBXFileReference; lastKnownFileType = text.json; path = appstore.json; sourceTree = "<group>"; };
		BABC2F1F24A7BCEF00D167B2 /* Section.swift */ = {isa = PBXFileReference; lastKnownFileType = sourcecode.swift; path = Section.swift; sourceTree = "<group>"; };
		BABC2F2124A7BCFA00D167B2 /* App.swift */ = {isa = PBXFileReference; lastKnownFileType = sourcecode.swift; path = App.swift; sourceTree = "<group>"; };
		BABC2F2324A7BE9800D167B2 /* SelfConfiguringCell.swift */ = {isa = PBXFileReference; lastKnownFileType = sourcecode.swift; path = SelfConfiguringCell.swift; sourceTree = "<group>"; };
		BABC2F2524A7BF8A00D167B2 /* FeaturedCollectionViewCell.swift */ = {isa = PBXFileReference; lastKnownFileType = sourcecode.swift; path = FeaturedCollectionViewCell.swift; sourceTree = "<group>"; };
		BABC2F2724A7C5BA00D167B2 /* Util.swift */ = {isa = PBXFileReference; lastKnownFileType = sourcecode.swift; path = Util.swift; sourceTree = "<group>"; };
/* End PBXFileReference section */

/* Begin PBXFrameworksBuildPhase section */
		BABC2EFB24A7B6B200D167B2 /* Frameworks */ = {
			isa = PBXFrameworksBuildPhase;
			buildActionMask = 2147483647;
			files = (
			);
			runOnlyForDeploymentPostprocessing = 0;
		};
/* End PBXFrameworksBuildPhase section */

/* Begin PBXGroup section */
		BABC2EF524A7B6B200D167B2 = {
			isa = PBXGroup;
			children = (
				BABC2F0024A7B6B200D167B2 /* TapStore */,
				BABC2EFF24A7B6B200D167B2 /* Products */,
			);
			sourceTree = "<group>";
		};
		BABC2EFF24A7B6B200D167B2 /* Products */ = {
			isa = PBXGroup;
			children = (
				BABC2EFE24A7B6B200D167B2 /* TapStore.app */,
			);
			name = Products;
			sourceTree = "<group>";
		};
		BABC2F0024A7B6B200D167B2 /* TapStore */ = {
			isa = PBXGroup;
			children = (
				BABC2F0124A7B6B200D167B2 /* AppDelegate.swift */,
				BABC2F0324A7B6B200D167B2 /* SceneDelegate.swift */,
				BABC2F0524A7B6B200D167B2 /* AppsViewController.swift */,
				BABC2F1B24A7BBB700D167B2 /* Bundle-Decodable.swift */,
				BABC2F1D24A7BC1100D167B2 /* appstore.json */,
				BABC2F0724A7B6B200D167B2 /* GamesViewController.swift */,
				BABC2F1724A7B79F00D167B2 /* ArcadeViewController.swift */,
				BABC2F2724A7C5BA00D167B2 /* Util.swift */,
				BABC2F1924A7B7AA00D167B2 /* SearchViewController.swift */,
				BABC2F2524A7BF8A00D167B2 /* FeaturedCollectionViewCell.swift */,
				BABC2F2324A7BE9800D167B2 /* SelfConfiguringCell.swift */,
				BABC2F1F24A7BCEF00D167B2 /* Section.swift */,
				BABC2F2124A7BCFA00D167B2 /* App.swift */,
				BABC2F0924A7B6B200D167B2 /* Main.storyboard */,
				BABC2F0C24A7B6B400D167B2 /* Assets.xcassets */,
				BABC2F0E24A7B6B400D167B2 /* LaunchScreen.storyboard */,
				BABC2F1124A7B6B400D167B2 /* Info.plist */,
			);
			path = TapStore;
			sourceTree = "<group>";
		};
/* End PBXGroup section */

/* Begin PBXNativeTarget section */
		BABC2EFD24A7B6B200D167B2 /* TapStore */ = {
			isa = PBXNativeTarget;
			buildConfigurationList = BABC2F1424A7B6B400D167B2 /* Build configuration list for PBXNativeTarget "TapStore" */;
			buildPhases = (
				BABC2EFA24A7B6B200D167B2 /* Sources */,
				BABC2EFB24A7B6B200D167B2 /* Frameworks */,
				BABC2EFC24A7B6B200D167B2 /* Resources */,
			);
			buildRules = (
			);
			dependencies = (
			);
			name = TapStore;
			productName = TapStore;
			productReference = BABC2EFE24A7B6B200D167B2 /* TapStore.app */;
			productType = "com.apple.product-type.application";
		};
/* End PBXNativeTarget section */

/* Begin PBXProject section */
		BABC2EF624A7B6B200D167B2 /* Project object */ = {
			isa = PBXProject;
			attributes = {
				LastSwiftUpdateCheck = 1150;
				LastUpgradeCheck = 1150;
				ORGANIZATIONNAME = "Tanaka Mazivanhanga";
				TargetAttributes = {
					BABC2EFD24A7B6B200D167B2 = {
						CreatedOnToolsVersion = 11.5;
					};
				};
			};
			buildConfigurationList = BABC2EF924A7B6B200D167B2 /* Build configuration list for PBXProject "TapStore" */;
			compatibilityVersion = "Xcode 9.3";
			developmentRegion = en;
			hasScannedForEncodings = 0;
			knownRegions = (
				en,
				Base,
			);
			mainGroup = BABC2EF524A7B6B200D167B2;
			productRefGroup = BABC2EFF24A7B6B200D167B2 /* Products */;
			projectDirPath = "";
			projectRoot = "";
			targets = (
				BABC2EFD24A7B6B200D167B2 /* TapStore */,
			);
		};
/* End PBXProject section */

/* Begin PBXResourcesBuildPhase section */
		BABC2EFC24A7B6B200D167B2 /* Resources */ = {
			isa = PBXResourcesBuildPhase;
			buildActionMask = 2147483647;
			files = (
				BABC2F1024A7B6B400D167B2 /* LaunchScreen.storyboard in Resources */,
				BABC2F0D24A7B6B400D167B2 /* Assets.xcassets in Resources */,
				BABC2F0B24A7B6B200D167B2 /* Main.storyboard in Resources */,
				BABC2F1E24A7BC1100D167B2 /* appstore.json in Resources */,
			);
			runOnlyForDeploymentPostprocessing = 0;
		};
/* End PBXResourcesBuildPhase section */

/* Begin PBXSourcesBuildPhase section */
		BABC2EFA24A7B6B200D167B2 /* Sources */ = {
			isa = PBXSourcesBuildPhase;
			buildActionMask = 2147483647;
			files = (
				BABC2F2224A7BCFA00D167B2 /* App.swift in Sources */,
				BABC2F1A24A7B7AA00D167B2 /* SearchViewController.swift in Sources */,
				BABC2F2624A7BF8A00D167B2 /* FeaturedCollectionViewCell.swift in Sources */,
				BABC2F0824A7B6B200D167B2 /* GamesViewController.swift in Sources */,
				BABC2F0624A7B6B200D167B2 /* AppsViewController.swift in Sources */,
				BABC2F1824A7B79F00D167B2 /* ArcadeViewController.swift in Sources */,
				BABC2F0224A7B6B200D167B2 /* AppDelegate.swift in Sources */,
				BABC2F2824A7C5BA00D167B2 /* Util.swift in Sources */,
				BABC2F2024A7BCEF00D167B2 /* Section.swift in Sources */,
				BABC2F2424A7BE9800D167B2 /* SelfConfiguringCell.swift in Sources */,
				BABC2F1C24A7BBB700D167B2 /* Bundle-Decodable.swift in Sources */,
				BABC2F0424A7B6B200D167B2 /* SceneDelegate.swift in Sources */,
			);
			runOnlyForDeploymentPostprocessing = 0;
		};
/* End PBXSourcesBuildPhase section */

/* Begin PBXVariantGroup section */
		BABC2F0924A7B6B200D167B2 /* Main.storyboard */ = {
			isa = PBXVariantGroup;
			children = (
				BABC2F0A24A7B6B200D167B2 /* Base */,
			);
			name = Main.storyboard;
			sourceTree = "<group>";
		};
		BABC2F0E24A7B6B400D167B2 /* LaunchScreen.storyboard */ = {
			isa = PBXVariantGroup;
			children = (
				BABC2F0F24A7B6B400D167B2 /* Base */,
			);
			name = LaunchScreen.storyboard;
			sourceTree = "<group>";
		};
/* End PBXVariantGroup section */

/* Begin XCBuildConfiguration section */
		BABC2F1224A7B6B400D167B2 /* Debug */ = {
			isa = XCBuildConfiguration;
			buildSettings = {
				ALWAYS_SEARCH_USER_PATHS = NO;
				CLANG_ANALYZER_NONNULL = YES;
				CLANG_ANALYZER_NUMBER_OBJECT_CONVERSION = YES_AGGRESSIVE;
				CLANG_CXX_LANGUAGE_STANDARD = "gnu++14";
				CLANG_CXX_LIBRARY = "libc++";
				CLANG_ENABLE_MODULES = YES;
				CLANG_ENABLE_OBJC_ARC = YES;
				CLANG_ENABLE_OBJC_WEAK = YES;
				CLANG_WARN_BLOCK_CAPTURE_AUTORELEASING = YES;
				CLANG_WARN_BOOL_CONVERSION = YES;
				CLANG_WARN_COMMA = YES;
				CLANG_WARN_CONSTANT_CONVERSION = YES;
				CLANG_WARN_DEPRECATED_OBJC_IMPLEMENTATIONS = YES;
				CLANG_WARN_DIRECT_OBJC_ISA_USAGE = YES_ERROR;
				CLANG_WARN_DOCUMENTATION_COMMENTS = YES;
				CLANG_WARN_EMPTY_BODY = YES;
				CLANG_WARN_ENUM_CONVERSION = YES;
				CLANG_WARN_INFINITE_RECURSION = YES;
				CLANG_WARN_INT_CONVERSION = YES;
				CLANG_WARN_NON_LITERAL_NULL_CONVERSION = YES;
				CLANG_WARN_OBJC_IMPLICIT_RETAIN_SELF = YES;
				CLANG_WARN_OBJC_LITERAL_CONVERSION = YES;
				CLANG_WARN_OBJC_ROOT_CLASS = YES_ERROR;
				CLANG_WARN_RANGE_LOOP_ANALYSIS = YES;
				CLANG_WARN_STRICT_PROTOTYPES = YES;
				CLANG_WARN_SUSPICIOUS_MOVE = YES;
				CLANG_WARN_UNGUARDED_AVAILABILITY = YES_AGGRESSIVE;
				CLANG_WARN_UNREACHABLE_CODE = YES;
				CLANG_WARN__DUPLICATE_METHOD_MATCH = YES;
				COPY_PHASE_STRIP = NO;
				DEBUG_INFORMATION_FORMAT = dwarf;
				ENABLE_STRICT_OBJC_MSGSEND = YES;
				ENABLE_TESTABILITY = YES;
				GCC_C_LANGUAGE_STANDARD = gnu11;
				GCC_DYNAMIC_NO_PIC = NO;
				GCC_NO_COMMON_BLOCKS = YES;
				GCC_OPTIMIZATION_LEVEL = 0;
				GCC_PREPROCESSOR_DEFINITIONS = (
					"DEBUG=1",
					"$(inherited)",
				);
				GCC_WARN_64_TO_32_BIT_CONVERSION = YES;
				GCC_WARN_ABOUT_RETURN_TYPE = YES_ERROR;
				GCC_WARN_UNDECLARED_SELECTOR = YES;
				GCC_WARN_UNINITIALIZED_AUTOS = YES_AGGRESSIVE;
				GCC_WARN_UNUSED_FUNCTION = YES;
				GCC_WARN_UNUSED_VARIABLE = YES;
				IPHONEOS_DEPLOYMENT_TARGET = 13.5;
				MTL_ENABLE_DEBUG_INFO = INCLUDE_SOURCE;
				MTL_FAST_MATH = YES;
				ONLY_ACTIVE_ARCH = YES;
				SDKROOT = iphoneos;
				SWIFT_ACTIVE_COMPILATION_CONDITIONS = DEBUG;
				SWIFT_OPTIMIZATION_LEVEL = "-Onone";
			};
			name = Debug;
		};
		BABC2F1324A7B6B400D167B2 /* Release */ = {
			isa = XCBuildConfiguration;
			buildSettings = {
				ALWAYS_SEARCH_USER_PATHS = NO;
				CLANG_ANALYZER_NONNULL = YES;
				CLANG_ANALYZER_NUMBER_OBJECT_CONVERSION = YES_AGGRESSIVE;
				CLANG_CXX_LANGUAGE_STANDARD = "gnu++14";
				CLANG_CXX_LIBRARY = "libc++";
				CLANG_ENABLE_MODULES = YES;
				CLANG_ENABLE_OBJC_ARC = YES;
				CLANG_ENABLE_OBJC_WEAK = YES;
				CLANG_WARN_BLOCK_CAPTURE_AUTORELEASING = YES;
				CLANG_WARN_BOOL_CONVERSION = YES;
				CLANG_WARN_COMMA = YES;
				CLANG_WARN_CONSTANT_CONVERSION = YES;
				CLANG_WARN_DEPRECATED_OBJC_IMPLEMENTATIONS = YES;
				CLANG_WARN_DIRECT_OBJC_ISA_USAGE = YES_ERROR;
				CLANG_WARN_DOCUMENTATION_COMMENTS = YES;
				CLANG_WARN_EMPTY_BODY = YES;
				CLANG_WARN_ENUM_CONVERSION = YES;
				CLANG_WARN_INFINITE_RECURSION = YES;
				CLANG_WARN_INT_CONVERSION = YES;
				CLANG_WARN_NON_LITERAL_NULL_CONVERSION = YES;
				CLANG_WARN_OBJC_IMPLICIT_RETAIN_SELF = YES;
				CLANG_WARN_OBJC_LITERAL_CONVERSION = YES;
				CLANG_WARN_OBJC_ROOT_CLASS = YES_ERROR;
				CLANG_WARN_RANGE_LOOP_ANALYSIS = YES;
				CLANG_WARN_STRICT_PROTOTYPES = YES;
				CLANG_WARN_SUSPICIOUS_MOVE = YES;
				CLANG_WARN_UNGUARDED_AVAILABILITY = YES_AGGRESSIVE;
				CLANG_WARN_UNREACHABLE_CODE = YES;
				CLANG_WARN__DUPLICATE_METHOD_MATCH = YES;
				COPY_PHASE_STRIP = NO;
				DEBUG_INFORMATION_FORMAT = "dwarf-with-dsym";
				ENABLE_NS_ASSERTIONS = NO;
				ENABLE_STRICT_OBJC_MSGSEND = YES;
				GCC_C_LANGUAGE_STANDARD = gnu11;
				GCC_NO_COMMON_BLOCKS = YES;
				GCC_WARN_64_TO_32_BIT_CONVERSION = YES;
				GCC_WARN_ABOUT_RETURN_TYPE = YES_ERROR;
				GCC_WARN_UNDECLARED_SELECTOR = YES;
				GCC_WARN_UNINITIALIZED_AUTOS = YES_AGGRESSIVE;
				GCC_WARN_UNUSED_FUNCTION = YES;
				GCC_WARN_UNUSED_VARIABLE = YES;
				IPHONEOS_DEPLOYMENT_TARGET = 13.5;
				MTL_ENABLE_DEBUG_INFO = NO;
				MTL_FAST_MATH = YES;
				SDKROOT = iphoneos;
				SWIFT_COMPILATION_MODE = wholemodule;
				SWIFT_OPTIMIZATION_LEVEL = "-O";
				VALIDATE_PRODUCT = YES;
			};
			name = Release;
		};
		BABC2F1524A7B6B400D167B2 /* Debug */ = {
			isa = XCBuildConfiguration;
			buildSettings = {
				ASSETCATALOG_COMPILER_APPICON_NAME = AppIcon;
				CODE_SIGN_STYLE = Automatic;
				DEVELOPMENT_TEAM = J3NVQ5AFC2;
				INFOPLIST_FILE = TapStore/Info.plist;
				LD_RUNPATH_SEARCH_PATHS = (
					"$(inherited)",
					"@executable_path/Frameworks",
				);
				PRODUCT_BUNDLE_IDENTIFIER = com.tanakamazivanhanga.TapStore;
				PRODUCT_NAME = "$(TARGET_NAME)";
				SWIFT_VERSION = 5.0;
				TARGETED_DEVICE_FAMILY = "1,2";
			};
			name = Debug;
		};
		BABC2F1624A7B6B400D167B2 /* Release */ = {
			isa = XCBuildConfiguration;
			buildSettings = {
				ASSETCATALOG_COMPILER_APPICON_NAME = AppIcon;
				CODE_SIGN_STYLE = Automatic;
				DEVELOPMENT_TEAM = J3NVQ5AFC2;
				INFOPLIST_FILE = TapStore/Info.plist;
				LD_RUNPATH_SEARCH_PATHS = (
					"$(inherited)",
					"@executable_path/Frameworks",
				);
				PRODUCT_BUNDLE_IDENTIFIER = com.tanakamazivanhanga.TapStore;
				PRODUCT_NAME = "$(TARGET_NAME)";
				SWIFT_VERSION = 5.0;
				TARGETED_DEVICE_FAMILY = "1,2";
			};
			name = Release;
		};
/* End XCBuildConfiguration section */

/* Begin XCConfigurationList section */
		BABC2EF924A7B6B200D167B2 /* Build configuration list for PBXProject "TapStore" */ = {
			isa = XCConfigurationList;
			buildConfigurations = (
				BABC2F1224A7B6B400D167B2 /* Debug */,
				BABC2F1324A7B6B400D167B2 /* Release */,
			);
			defaultConfigurationIsVisible = 0;
			defaultConfigurationName = Release;
		};
		BABC2F1424A7B6B400D167B2 /* Build configuration list for PBXNativeTarget "TapStore" */ = {
			isa = XCConfigurationList;
			buildConfigurations = (
				BABC2F1524A7B6B400D167B2 /* Debug */,
				BABC2F1624A7B6B400D167B2 /* Release */,
			);
			defaultConfigurationIsVisible = 0;
			defaultConfigurationName = Release;
		};
/* End XCConfigurationList section */
	};
	rootObject = BABC2EF624A7B6B200D167B2 /* Project object */;
}
